{
  "version": 1,
  "dependencies": {
    ".NETnanoFramework,Version=v1.0": {
      "nanoFramework.CoreLibrary": {
        "type": "Direct",
        "requested": "[1.17.11, 1.17.11]",
        "resolved": "1.17.11",
        "contentHash": "HezzAc0o2XrSGf85xSeD/6xsO6ohF9hX6/iMQ1IZS6Zw6umr4WfAN2Jv0BrPxkaYwzEegJxxZujkHoUIAqtOMw=="
      },
      "nanoFramework.Runtime.Events": {
        "type": "Direct",
        "requested": "[1.11.32, 1.11.32]",
        "resolved": "1.11.32",
        "contentHash": "NyLUIwJDlpl5VKSd+ljmdDtO2WHHBvPvruo1ccaL+hd79z+6XMYze1AccOVXKGiZenLBCwDmFHwpgIQyHkM7GA=="
      },
      "nanoFramework.System.IO.Streams": {
        "type": "Direct",
        "requested": "[1.1.91, 1.1.91]",
        "resolved": "1.1.91",
        "contentHash": "YMKF7vsxJp95Mz6c5gBBY4AVnOg1r6doE94qblojeufSZAS/M5JuDoCY8KHQmMjSghachsKhrhfv6RHmhM7HCg=="
      },
      "nanoFramework.System.Net": {
        "type": "Direct",
        "requested": "[1.11.41, 1.11.41]",
        "resolved": "1.11.41",
        "contentHash": "jZMxU0C/klMu6fNdaBfSwpRp5naFJBqdZIwm74fuozbXkkJVkX16Ic61PHicexn1Qtz6Q1EL15FDxCrds+7r3g=="
      },
      "nanoFramework.System.Text": {
        "type": "Direct",
        "requested": "[1.3.36, 1.3.36]",
        "resolved": "1.3.36",
        "contentHash": "qO0BrmYX4+iV5MSVSIIOSnyPx9Odvgb5Y9hGDWgUCQUGrPG32WPq6YGhTQMK2UIIu3yfB9Nsu2hPhjVSpFYMMA=="
      },
      "nanoFramework.System.Threading": {
        "type": "Direct",
        "requested": "[1.1.50, 1.1.50]",
        "resolved": "1.1.50",
        "contentHash": "L0TQAdPWYrh19vI+3UGAuSIvSTHKG3dLyh/tuC5R5PryRnYvCILBWvgfadEPpEUenybF3cuBPOIMe7MZB12HGw=="
      },
      "Nerdbank.GitVersioning": {
        "type": "Direct",
        "requested": "[3.7.115, 3.7.115]",
        "resolved": "3.7.115",
        "contentHash": "EpXamaAdRfG/BMxGgvZlTM0npRnkmXUjAj8OdNKd17t4oN+2nvjdv/KnFmzOOMDqvlwB49UCwtOHJrAQTfUBtQ=="
      }
    }
  }
}