{
  "version": 1,
  "dependencies": {
    ".NETnanoFramework,Version=v1.0": {
      "nanoFramework.CoreLibrary": {
        "type": "Direct",
        "requested": "[2.0.0-preview.32, 2.0.0-preview.32]",
        "resolved": "2.0.0-preview.32",
        "contentHash": "DZ0CI92bJCTQ+2pGJiRxcqYEzmjMppg2elFZEZCGB6kUPjUoGV8o+NnFb5bn2X0Nl+b+8Wq5BLzGBbn8C05oKQ=="
      },
      "nanoFramework.Runtime.Events": {
        "type": "Direct",
        "requested": "[2.0.0-preview.6, 2.0.0-preview.6]",
        "resolved": "2.0.0-preview.6",
        "contentHash": "l7ZISc/+3eRSJ1caPDLZecGTrYgair8dzmXlgdNuy28YOhfHnNar6AK6ACpUM5pmH5ewCaQUgpNmIiiKp2XwBg=="
      },
      "nanoFramework.System.IO.Streams": {
        "type": "Direct",
        "requested": "[2.0.0-preview.7, 2.0.0-preview.7]",
        "resolved": "2.0.0-preview.7",
        "contentHash": "ovwESoNwtZUq/7eQbhdIqUem4ZiO3ProaTOI4dg5sHwH4NJsfbhEAh9CloztolK7HtU+cGhMlIwt/WT2OlsBcQ=="
      },
      "nanoFramework.System.Net": {
        "type": "Direct",
        "requested": "[2.0.0-preview.1, 2.0.0-preview.1]",
        "resolved": "2.0.0-preview.1",
        "contentHash": "IUklKRQyHTKrRh6EYx3Gg8Frv/PANGIAjm+s9hNSUksYVf8Xu0jy83a091RCLqgBnd8gGHgsf9Nz02v486Lgxw=="
      },
      "nanoFramework.System.Text": {
        "type": "Direct",
        "requested": "[2.0.0-preview.5, 2.0.0-preview.5]",
        "resolved": "2.0.0-preview.5",
        "contentHash": "bSok7uDsUnic+RmoYo660XNlQhD631CrpIDUweiJtjuOtsNmwV4bwV28Xs0gpYF4xidYKUEk3nxt5lXU6ekATw=="
      },
      "nanoFramework.System.Threading": {
        "type": "Direct",
        "requested": "[2.0.0-preview.4, 2.0.0-preview.4]",
        "resolved": "2.0.0-preview.4",
        "contentHash": "R9uXKg2zP30eGGGXqK1LZyQxLUcCo3y/31FMnLg1nlfooafXCugcLEyWiYgtGUPSMDfXOvLbMPCfM9Sqf02tiQ=="
      },
      "Nerdbank.GitVersioning": {
        "type": "Direct",
        "requested": "[3.9.50, 3.9.50]",
        "resolved": "3.9.50",
        "contentHash": "HtOgGF6jZ+WYbXnCUCYPT8Y2d6mIJo9ozjK/FINTRsXdm4Zgv9GehUMa7EFoGQkqrMcDJNOIDwCmENnvXg4UbA=="
      }
    }
  }
}