{
  "version": 1,
  "dependencies": {
    ".NETnanoFramework,Version=v1.0": {
      "nanoFramework.CoreLibrary": {
        "type": "Direct",
        "requested": "[1.12.0, 1.12.0]",
        "resolved": "1.12.0",
        "contentHash": "qQrFNXmJiStMC4VXk5cVMOJp23/qlT9FW5i9i+igwQVwraQTtvpkam8yK1hj992jqrbjoCIFZP4Hw9E8H0pB7w=="
      },
      "nanoFramework.Runtime.Events": {
        "type": "Direct",
        "requested": "[1.10.0, 1.10.0]",
        "resolved": "1.10.0",
        "contentHash": "ZRDjzVoTdc6+3sUNk9vORz4HHonYYGM4ED2V8VcfkYC8xQ8VFoaP8U6mXLd70ocmyhGaP9GK86sxHUQykSK7vA=="
      },
      "nanoFramework.System.IO.Streams": {
        "type": "Direct",
        "requested": "[1.1.15, 1.1.15]",
        "resolved": "1.1.15",
        "contentHash": "eb7Zz3G301mgRo13n609wZvyaXZ/C9unPYn5Vz34OAEdGX1RDJufpcW+2v28ux3goj8x2BXuj717d4VVVJUotA=="
      },
      "nanoFramework.System.Net": {
        "type": "Direct",
        "requested": "[1.10.14, 1.10.14]",
        "resolved": "1.10.14",
        "contentHash": "vY6FH/avkBR9YMyKSuR6xidCh2ig9kjNaDNrqVkxxhXHRLOK7m8f7f1oVGLidBD2EH180Lb9nJ6DRXTYMjg6vQ=="
      },
      "nanoFramework.System.Text": {
        "type": "Direct",
        "requested": "[1.2.7, 1.2.7]",
        "resolved": "1.2.7",
        "contentHash": "ax4CrqYHNXoEBjaIW7dIv1CM4PxWcCc6lN2xSzGLZf7F/JZ0O7t0el86PPN2P/DfOyyBKSDAmrZjEx4q8mvgSw=="
      },
      "nanoFramework.System.Threading": {
        "type": "Direct",
        "requested": "[1.0.4, 1.0.4]",
        "resolved": "1.0.4",
        "contentHash": "P/6ZqtSj8/IKMIRMiv3hlDKwo7ExlWqJKyTeoJjF+NDK5NVQ4twAcbIXkV726SQwtEotdc8II8WanLoiGONI/g=="
      },
      "Nerdbank.GitVersioning": {
        "type": "Direct",
        "requested": "[3.5.103, 3.5.103]",
        "resolved": "3.5.103",
        "contentHash": "gMzXNdd/cQWBTp+zaYmHaoTVSOQwOuFKGD26wJJSdJ95aQeMcNYzKW5KGlZj/HnyHJSMMa2xAO+7Y0FKdZuv0g=="
      }
    }
  }
}