{
  "version": 1,
  "dependencies": {
    ".NETnanoFramework,Version=v1.0": {
      "nanoFramework.CoreLibrary": {
        "type": "Direct",
        "requested": "[2.0.0-preview.39, 2.0.0-preview.39]",
        "resolved": "2.0.0-preview.39",
        "contentHash": "rkXOwaEq6GIm+dKZ7ICMrG23mln482vRXyDtaNfAeBpgGcgiuFJrbw7w0TTZ2DNhw1CUWlCWZZbXi6+/NHdpLg=="
      },
      "nanoFramework.Runtime.Events": {
        "type": "Direct",
        "requested": "[2.0.0-preview.8, 2.0.0-preview.8]",
        "resolved": "2.0.0-preview.8",
        "contentHash": "+ELISV4zHeqzHrYirnx47zsAA7MPbBMWJQudbQv5almh22bTviDzFbOML3Dim8lCZZeaARnJers1gPmJ4ODT7Q=="
      },
      "nanoFramework.System.IO.Streams": {
        "type": "Direct",
        "requested": "[2.0.0-preview.10, 2.0.0-preview.10]",
        "resolved": "2.0.0-preview.10",
        "contentHash": "6B4Q7OciuQm2ebEt8JqZvM4Eka0WgQYYlH73AmsNXDSn6G7Xw5ijJVVN2vIvu5qb2qda1Rpvxbmjp1ykk3hYKg=="
      },
      "nanoFramework.System.Net": {
        "type": "Direct",
        "requested": "[2.0.0-preview.4, 2.0.0-preview.4]",
        "resolved": "2.0.0-preview.4",
        "contentHash": "GROZi6kSgD7JLYr2f3w89Uvmafpxbx9uPKG3nQE7DDH9Em2d5etNS2xQjc4BDRzTTm51C0qjuB53+s5aOVY61Q=="
      },
      "nanoFramework.System.Text": {
        "type": "Direct",
        "requested": "[2.0.0-preview.8, 2.0.0-preview.8]",
        "resolved": "2.0.0-preview.8",
        "contentHash": "dvaXLJo+X68BVWgXssjk0XXJUwQNwA9h0+wbDgfbE2Hc3/pKljhAvuluD8n4W5MZYJ6YI3I/BhPreBjW7W2Fvw=="
      },
      "nanoFramework.System.Threading": {
        "type": "Direct",
        "requested": "[2.0.0-preview.8, 2.0.0-preview.8]",
        "resolved": "2.0.0-preview.8",
        "contentHash": "NXC2Pqm+ohhFyL4wJczP7wT29JCPueDFG5mCpBvDfcEpJokThY1hovim3NJybX9T2n6NR8lhZ3fCzYKd0WMRuA=="
      },
      "nanoFramework.TestFramework": {
        "type": "Direct",
        "requested": "[4.0.0-preview.47, 4.0.0-preview.47]",
        "resolved": "4.0.0-preview.47",
        "contentHash": "h5Jd/lmjZwsLUbnxXjF90YD50jZ5JtVOuS1yK8dCZWQYByQry8CuI+69r7Zfl9J1ZzfEbC8/ANpcA+ANWFg1DQ=="
      }
    }
  }
}