{
  "version": 1,
  "dependencies": {
    ".NETnanoFramework,Version=v1.0": {
      "nanoFramework.CoreLibrary": {
        "type": "Direct",
        "requested": "[2.0.0-preview.43, 2.0.0-preview.43]",
        "resolved": "2.0.0-preview.43",
        "contentHash": "ijOdswxNI+zhN7MrRMjJPe7pAVhqARvpEOFKUKH6D18NUS3CCQ9+IoyVs3zJhmmBk53YmAErFAdCnAWLVxUu8Q=="
      },
      "nanoFramework.Runtime.Events": {
        "type": "Direct",
        "requested": "[2.0.0-preview.11, 2.0.0-preview.11]",
        "resolved": "2.0.0-preview.11",
        "contentHash": "kv+GggxqjVYdv58LRJCF0r0ElZLouYuCKNea++oySdvjyHndK6/3Yb74DWKB7AeW61zR9AP0hJIuBI8GzX6qEQ=="
      },
      "nanoFramework.System.IO.Streams": {
        "type": "Direct",
        "requested": "[2.0.0-preview.14, 2.0.0-preview.14]",
        "resolved": "2.0.0-preview.14",
        "contentHash": "izypnEMQja4eE3iQQrVETs+zk5nTDng9MduNEQFLi9hdSHFFheCVOUeEAofagVTe0VCEIbgRDGl/zxXC402VIA=="
      },
      "nanoFramework.System.Net": {
        "type": "Direct",
        "requested": "[2.0.0-preview.8, 2.0.0-preview.8]",
        "resolved": "2.0.0-preview.8",
        "contentHash": "pAYt3f0Fj2JJwmxixMIuJ/waVhEvmIEIEZF5/4KAXJsia5lhQILLG5eZIxQQMIi7HzCnNvXSpL1kKcrGSE5e4g=="
      },
      "nanoFramework.System.Text": {
        "type": "Direct",
        "requested": "[2.0.0-preview.15, 2.0.0-preview.15]",
        "resolved": "2.0.0-preview.15",
        "contentHash": "zhVxQ+zUBkDPhpU35xX9JT/H8bFjo0ylQRmX/45QtM3QJQRd7a327R1PfBhpU5o3kpx2V8AcOgZBM8UilKwQeA=="
      },
      "nanoFramework.System.Threading": {
        "type": "Direct",
        "requested": "[2.0.0-preview.9, 2.0.0-preview.9]",
        "resolved": "2.0.0-preview.9",
        "contentHash": "5bn3gYlNFhufVyypUUoBbmVZm3l502UikPvS4JbHJZXeEzWpUVBLUlcMOP9s9zFtinZ8F8KJixYFJaDKvvn5UQ=="
      },
      "nanoFramework.TestFramework": {
        "type": "Direct",
        "requested": "[4.0.0-preview.47, 4.0.0-preview.47]",
        "resolved": "4.0.0-preview.47",
        "contentHash": "h5Jd/lmjZwsLUbnxXjF90YD50jZ5JtVOuS1yK8dCZWQYByQry8CuI+69r7Zfl9J1ZzfEbC8/ANpcA+ANWFg1DQ=="
      }
    }
  }
}